
Microsoft Visual Studio Solution File, Format Version 12.00
# Visual Studio Version 17
VisualStudioVersion = 17.14.36212.18
MinimumVisualStudioVersion = 10.0.40219.1
Project("{FAE04EC0-301F-11D3-BF4B-00C04F79EFBC}") = "DreamAquascape.Web", "DreamAquascape.Web\DreamAquascape.Web.csproj", "{92AC3126-4599-4E42-9573-9016F78C21EC}"
EndProject
Project("{2150E333-8FDC-42A3-9474-1A3956D46DE8}") = "Web", "Web", "{02EA681E-C7D8-13C7-8484-4AC65E1B71E8}"
EndProject
Project("{FAE04EC0-301F-11D3-BF4B-00C04F79EFBC}") = "DreamAquascape.Data", "DreamAquascape.Data\DreamAquascape.Data.csproj", "{953DA0DC-3624-4F20-B0CC-094F893DDFEF}"
EndProject
Project("{2150E333-8FDC-42A3-9474-1A3956D46DE8}") = "Data", "Data", "{CE5D2E17-5A0A-4C74-B15D-31CFC103F24F}"
EndProject
Project("{FAE04EC0-301F-11D3-BF4B-00C04F79EFBC}") = "DreamAquascape.Data.Common", "DreamAquascape.Data.Common\DreamAquascape.Data.Common.csproj", "{4294C79F-2B63-45E3-A976-E001C2612D11}"
EndProject
Project("{FAE04EC0-301F-11D3-BF4B-00C04F79EFBC}") = "DreamAquascape.Data.Models", "DreamAquascape.Data.Models\DreamAquascape.Data.Models.csproj", "{810D1404-5B98-4A24-941B-62813B0CEB29}"
EndProject
Project("{FAE04EC0-301F-11D3-BF4B-00C04F79EFBC}") = "DreamAquascape.GCommon", "DreamAquascape.GCommon\DreamAquascape.GCommon.csproj", "{02D263B2-7B13-49F3-B91D-AF79FC028C60}"
EndProject
Project("{FAE04EC0-301F-11D3-BF4B-00C04F79EFBC}") = "DreamAquascape.Web.ViewModels", "DreamAquascape.Web.ViewModels\DreamAquascape.Web.ViewModels.csproj", "{C1DEC064-6699-9CF9-C448-E5B7819D3058}"
EndProject
Project("{2150E333-8FDC-42A3-9474-1A3956D46DE8}") = "Services", "Services", "{C522D703-7A66-4A03-8CE8-FB1CBA54319B}"
EndProject
Project("{FAE04EC0-301F-11D3-BF4B-00C04F79EFBC}") = "DreamAquascape.Services.Common", "DreamAquascape.Services.Common\DreamAquascape.Services.Common.csproj", "{7CB0561B-0301-4B10-BA91-3509AEC1FA6B}"
EndProject
Project("{FAE04EC0-301F-11D3-BF4B-00C04F79EFBC}") = "DreamAquascape.Services.Core", "DreamAquascape.Services.Core\DreamAquascape.Services.Core.csproj", "{EB8B4596-8E97-4915-ABC8-AE047E2274F0}"
EndProject
Project("{2150E333-8FDC-42A3-9474-1A3956D46DE8}") = "Tests", "Tests", "{4FA948AA-5D00-480A-9A4E-E82645F4BA14}"
EndProject
Project("{FAE04EC0-301F-11D3-BF4B-00C04F79EFBC}") = "DreamAquascape.Web.Infrastructure", "DreamAquascape.Web.Infrastructure\DreamAquascape.Web.Infrastructure.csproj", "{39EAFE37-B1C5-42AD-949D-9BC7026B6D66}"
EndProject
Global
	GlobalSection(SolutionConfigurationPlatforms) = preSolution
		Debug|Any CPU = Debug|Any CPU
		Release|Any CPU = Release|Any CPU
	EndGlobalSection
	GlobalSection(ProjectConfigurationPlatforms) = postSolution
		{92AC3126-4599-4E42-9573-9016F78C21EC}.Debug|Any CPU.ActiveCfg = Debug|Any CPU
		{92AC3126-4599-4E42-9573-9016F78C21EC}.Debug|Any CPU.Build.0 = Debug|Any CPU
		{92AC3126-4599-4E42-9573-9016F78C21EC}.Release|Any CPU.ActiveCfg = Release|Any CPU
		{92AC3126-4599-4E42-9573-9016F78C21EC}.Release|Any CPU.Build.0 = Release|Any CPU
		{953DA0DC-3624-4F20-B0CC-094F893DDFEF}.Debug|Any CPU.ActiveCfg = Debug|Any CPU
		{953DA0DC-3624-4F20-B0CC-094F893DDFEF}.Debug|Any CPU.Build.0 = Debug|Any CPU
		{953DA0DC-3624-4F20-B0CC-094F893DDFEF}.Release|Any CPU.ActiveCfg = Release|Any CPU
		{953DA0DC-3624-4F20-B0CC-094F893DDFEF}.Release|Any CPU.Build.0 = Release|Any CPU
		{4294C79F-2B63-45E3-A976-E001C2612D11}.Debug|Any CPU.ActiveCfg = Debug|Any CPU
		{4294C79F-2B63-45E3-A976-E001C2612D11}.Debug|Any CPU.Build.0 = Debug|Any CPU
		{4294C79F-2B63-45E3-A976-E001C2612D11}.Release|Any CPU.ActiveCfg = Release|Any CPU
		{4294C79F-2B63-45E3-A976-E001C2612D11}.Release|Any CPU.Build.0 = Release|Any CPU
		{810D1404-5B98-4A24-941B-62813B0CEB29}.Debug|Any CPU.ActiveCfg = Debug|Any CPU
		{810D1404-5B98-4A24-941B-62813B0CEB29}.Debug|Any CPU.Build.0 = Debug|Any CPU
		{810D1404-5B98-4A24-941B-62813B0CEB29}.Release|Any CPU.ActiveCfg = Release|Any CPU
		{810D1404-5B98-4A24-941B-62813B0CEB29}.Release|Any CPU.Build.0 = Release|Any CPU
		{02D263B2-7B13-49F3-B91D-AF79FC028C60}.Debug|Any CPU.ActiveCfg = Debug|Any CPU
		{02D263B2-7B13-49F3-B91D-AF79FC028C60}.Debug|Any CPU.Build.0 = Debug|Any CPU
		{02D263B2-7B13-49F3-B91D-AF79FC028C60}.Release|Any CPU.ActiveCfg = Release|Any CPU
		{02D263B2-7B13-49F3-B91D-AF79FC028C60}.Release|Any CPU.Build.0 = Release|Any CPU
		{C1DEC064-6699-9CF9-C448-E5B7819D3058}.Debug|Any CPU.ActiveCfg = Debug|Any CPU
		{C1DEC064-6699-9CF9-C448-E5B7819D3058}.Debug|Any CPU.Build.0 = Debug|Any CPU
		{C1DEC064-6699-9CF9-C448-E5B7819D3058}.Release|Any CPU.ActiveCfg = Release|Any CPU
		{C1DEC064-6699-9CF9-C448-E5B7819D3058}.Release|Any CPU.Build.0 = Release|Any CPU
		{7CB0561B-0301-4B10-BA91-3509AEC1FA6B}.Debug|Any CPU.ActiveCfg = Debug|Any CPU
		{7CB0561B-0301-4B10-BA91-3509AEC1FA6B}.Debug|Any CPU.Build.0 = Debug|Any CPU
		{7CB0561B-0301-4B10-BA91-3509AEC1FA6B}.Release|Any CPU.ActiveCfg = Release|Any CPU
		{7CB0561B-0301-4B10-BA91-3509AEC1FA6B}.Release|Any CPU.Build.0 = Release|Any CPU
		{EB8B4596-8E97-4915-ABC8-AE047E2274F0}.Debug|Any CPU.ActiveCfg = Debug|Any CPU
		{EB8B4596-8E97-4915-ABC8-AE047E2274F0}.Debug|Any CPU.Build.0 = Debug|Any CPU
		{EB8B4596-8E97-4915-ABC8-AE047E2274F0}.Release|Any CPU.ActiveCfg = Release|Any CPU
		{EB8B4596-8E97-4915-ABC8-AE047E2274F0}.Release|Any CPU.Build.0 = Release|Any CPU
		{39EAFE37-B1C5-42AD-949D-9BC7026B6D66}.Debug|Any CPU.ActiveCfg = Debug|Any CPU
		{39EAFE37-B1C5-42AD-949D-9BC7026B6D66}.Debug|Any CPU.Build.0 = Debug|Any CPU
		{39EAFE37-B1C5-42AD-949D-9BC7026B6D66}.Release|Any CPU.ActiveCfg = Release|Any CPU
		{39EAFE37-B1C5-42AD-949D-9BC7026B6D66}.Release|Any CPU.Build.0 = Release|Any CPU
	EndGlobalSection
	GlobalSection(SolutionProperties) = preSolution
		HideSolutionNode = FALSE
	EndGlobalSection
	GlobalSection(NestedProjects) = preSolution
		{92AC3126-4599-4E42-9573-9016F78C21EC} = {02EA681E-C7D8-13C7-8484-4AC65E1B71E8}
		{953DA0DC-3624-4F20-B0CC-094F893DDFEF} = {CE5D2E17-5A0A-4C74-B15D-31CFC103F24F}
		{4294C79F-2B63-45E3-A976-E001C2612D11} = {CE5D2E17-5A0A-4C74-B15D-31CFC103F24F}
		{810D1404-5B98-4A24-941B-62813B0CEB29} = {CE5D2E17-5A0A-4C74-B15D-31CFC103F24F}
		{C1DEC064-6699-9CF9-C448-E5B7819D3058} = {02EA681E-C7D8-13C7-8484-4AC65E1B71E8}
		{7CB0561B-0301-4B10-BA91-3509AEC1FA6B} = {C522D703-7A66-4A03-8CE8-FB1CBA54319B}
		{EB8B4596-8E97-4915-ABC8-AE047E2274F0} = {C522D703-7A66-4A03-8CE8-FB1CBA54319B}
		{39EAFE37-B1C5-42AD-949D-9BC7026B6D66} = {02EA681E-C7D8-13C7-8484-4AC65E1B71E8}
	EndGlobalSection
	GlobalSection(ExtensibilityGlobals) = postSolution
		SolutionGuid = {8C0A72DC-6561-4386-95AB-90B4F696C771}
	EndGlobalSection
EndGlobal
